
Microsoft Visual Studio Solution File, Format Version 12.00
# Visual Studio 15
VisualStudioVersion = 15.0.25914.0
MinimumVisualStudioVersion = 10.0.40219.1
Project("{8BC9CEB8-8B4A-11D0-8D11-00A0C91BC942}") = "udemo", "udemo.vcxproj", "{601ABD68-61B2-4EF3-9628-0BCE11F55C0D}"
EndProject
Global
	GlobalSection(SolutionConfigurationPlatforms) = preSolution
		Debug|x86 = Debug|x86
		Release|x86 = Release|x86
	EndGlobalSection
	GlobalSection(ProjectConfigurationPlatforms) = postSolution
		{601ABD68-61B2-4EF3-9628-0BCE11F55C0D}.Debug|x86.ActiveCfg = Debug|Win32
		{601ABD68-61B2-4EF3-9628-0BCE11F55C0D}.Debug|x86.Build.0 = Debug|Win32
		{601ABD68-61B2-4EF3-9628-0BCE11F55C0D}.Release|x86.ActiveCfg = Release|Win32
		{601ABD68-61B2-4EF3-9628-0BCE11F55C0D}.Release|x86.Build.0 = Release|Win32
	EndGlobalSection
	GlobalSection(SolutionProperties) = preSolution
		HideSolutionNode = FALSE
	EndGlobalSection
EndGlobal
