<?xml version="1.0" encoding="utf-8"?>
<Project ToolsVersion="4.0" xmlns="http://schemas.microsoft.com/developer/msbuild/2003">
  <ItemGroup>
    <Filter Include="Source Files">
      <UniqueIdentifier>{1762abc6-006a-44f6-887d-6ebd88bbe9af}</UniqueIdentifier>
      <Extensions>cpp;c;cxx;rc;def;r;odl;idl;hpj;bat</Extensions>
    </Filter>
    <Filter Include="Header Files">
      <UniqueIdentifier>{bd8c2de3-1c4f-4bc2-93b6-d6bcb4263f6e}</UniqueIdentifier>
      <Extensions>h;hpp;hxx;hm;inl</Extensions>
    </Filter>
    <Filter Include="Resource Files">
      <UniqueIdentifier>{7fc59e9e-cd05-49d7-a7ef-f0b3bc87e23d}</UniqueIdentifier>
      <Extensions>ico;cur;bmp;dlg;rc2;rct;bin;rgs;gif;jpg;jpeg;jpe</Extensions>
    </Filter>
  </ItemGroup>
  <ItemGroup>
    <ClCompile Include="src\DemoInterface.cpp">
      <Filter>Source Files</Filter>
    </ClCompile>
    <ClCompile Include="src\udnative.cpp">
      <Filter>Source Files</Filter>
    </ClCompile>
    <ClCompile Include="src\UDNotify.cpp">
      <Filter>Source Files</Filter>
    </ClCompile>
    <ClCompile Include="src\UuDriver.cpp">
      <Filter>Source Files</Filter>
    </ClCompile>
    <ClCompile Include="src\UZhandler.cpp">
      <Filter>Source Files</Filter>
    </ClCompile>
  </ItemGroup>
  <ItemGroup>
    <ClInclude Include="inc\UDCodecs.h">
      <Filter>Header Files</Filter>
    </ClInclude>
    <ClInclude Include="inc\udemoClasses.h">
      <Filter>Header Files</Filter>
    </ClInclude>
    <ClInclude Include="inc\udemoprivate.h">
      <Filter>Header Files</Filter>
    </ClInclude>
    <ClInclude Include="inc\UuDriver.h">
      <Filter>Header Files</Filter>
    </ClInclude>
  </ItemGroup>
</Project>